
Microsoft Visual Studio Solution File, Format Version 12.00
# Visual Studio Version 17
VisualStudioVersion = 17.4.33213.308
MinimumVisualStudioVersion = 10.0.40219.1
Project("{FAE04EC0-301F-11D3-BF4B-00C04F79EFBC}") = "web411030680", "web411030680\web411030680.csproj", "{5068B071-BDDD-4B2C-AD27-D1584DEC547D}"
EndProject
Global
	GlobalSection(SolutionConfigurationPlatforms) = preSolution
		Debug|Any CPU = Debug|Any CPU
		Release|Any CPU = Release|Any CPU
	EndGlobalSection
	GlobalSection(ProjectConfigurationPlatforms) = postSolution
		{5068B071-BDDD-4B2C-AD27-D1584DEC547D}.Debug|Any CPU.ActiveCfg = Debug|Any CPU
		{5068B071-BDDD-4B2C-AD27-D1584DEC547D}.Debug|Any CPU.Build.0 = Debug|Any CPU
		{5068B071-BDDD-4B2C-AD27-D1584DEC547D}.Release|Any CPU.ActiveCfg = Release|Any CPU
		{5068B071-BDDD-4B2C-AD27-D1584DEC547D}.Release|Any CPU.Build.0 = Release|Any CPU
	EndGlobalSection
	GlobalSection(SolutionProperties) = preSolution
		HideSolutionNode = FALSE
	EndGlobalSection
	GlobalSection(ExtensibilityGlobals) = postSolution
		SolutionGuid = {91525FA4-EF81-45B7-8F16-D36ACAB4F67D}
	EndGlobalSection
EndGlobal
